
Microsoft Visual Studio Solution File, Format Version 12.00
# Visual Studio Version 17
VisualStudioVersion = 17.0.31903.59
MinimumVisualStudioVersion = 10.0.40219.1
Project("{2150E333-8FDC-42A3-9474-1A3956D46DE8}") = "src", "src", "{1248EEEB-3659-448C-85DA-D9051E8B7D82}"
EndProject
Project("{FAE04EC0-301F-11D3-BF4B-00C04F79EFBC}") = "OneReview", "src\OneReview\OneReview.csproj", "{31D29A57-C7E2-4362-BC73-FED55086215B}"
EndProject
Global
	GlobalSection(SolutionConfigurationPlatforms) = preSolution
		Debug|Any CPU = Debug|Any CPU
		Release|Any CPU = Release|Any CPU
	EndGlobalSection
	GlobalSection(SolutionProperties) = preSolution
		HideSolutionNode = FALSE
	EndGlobalSection
	GlobalSection(ProjectConfigurationPlatforms) = postSolution
		{31D29A57-C7E2-4362-BC73-FED55086215B}.Debug|Any CPU.ActiveCfg = Debug|Any CPU
		{31D29A57-C7E2-4362-BC73-FED55086215B}.Debug|Any CPU.Build.0 = Debug|Any CPU
		{31D29A57-C7E2-4362-BC73-FED55086215B}.Release|Any CPU.ActiveCfg = Release|Any CPU
		{31D29A57-C7E2-4362-BC73-FED55086215B}.Release|Any CPU.Build.0 = Release|Any CPU
	EndGlobalSection
	GlobalSection(NestedProjects) = preSolution
		{31D29A57-C7E2-4362-BC73-FED55086215B} = {1248EEEB-3659-448C-85DA-D9051E8B7D82}
	EndGlobalSection
EndGlobal
